
Microsoft Visual Studio Solution File, Format Version 12.00
# Visual Studio Version 17
VisualStudioVersion = 17.6.33829.357
MinimumVisualStudioVersion = 10.0.40219.1
Project("{9A19103F-16F7-4668-BE54-9A1E7A4F7556}") = "ACS.AMS.DAL", "ACS.AMS.DAL\ACS.AMS.DAL.csproj", "{94D31B5B-125A-4957-9303-CD5DF4E24F2E}"
EndProject
Project("{9A19103F-16F7-4668-BE54-9A1E7A4F7556}") = "ACS.AMS.WebApp", "ACS.AMS.WebApp\ACS.AMS.WebApp.csproj", "{B7E21777-C25A-4FD1-BBD0-291B0EAC206C}"
EndProject
Global
	GlobalSection(SolutionConfigurationPlatforms) = preSolution
		Debug|Any CPU = Debug|Any CPU
		Release|Any CPU = Release|Any CPU
	EndGlobalSection
	GlobalSection(ProjectConfigurationPlatforms) = postSolution
		{94D31B5B-125A-4957-9303-CD5DF4E24F2E}.Debug|Any CPU.ActiveCfg = Debug|Any CPU
		{94D31B5B-125A-4957-9303-CD5DF4E24F2E}.Debug|Any CPU.Build.0 = Debug|Any CPU
		{94D31B5B-125A-4957-9303-CD5DF4E24F2E}.Release|Any CPU.ActiveCfg = Release|Any CPU
		{94D31B5B-125A-4957-9303-CD5DF4E24F2E}.Release|Any CPU.Build.0 = Release|Any CPU
		{B7E21777-C25A-4FD1-BBD0-291B0EAC206C}.Debug|Any CPU.ActiveCfg = Debug|Any CPU
		{B7E21777-C25A-4FD1-BBD0-291B0EAC206C}.Debug|Any CPU.Build.0 = Debug|Any CPU
		{B7E21777-C25A-4FD1-BBD0-291B0EAC206C}.Release|Any CPU.ActiveCfg = Release|Any CPU
		{B7E21777-C25A-4FD1-BBD0-291B0EAC206C}.Release|Any CPU.Build.0 = Release|Any CPU
	EndGlobalSection
	GlobalSection(SolutionProperties) = preSolution
		HideSolutionNode = FALSE
	EndGlobalSection
	GlobalSection(ExtensibilityGlobals) = postSolution
		SolutionGuid = {54E53DA6-2ADF-48C0-8DC1-B598388F3D93}
	EndGlobalSection
EndGlobal
